
Microsoft Visual Studio Solution File, Format Version 12.00
# Visual Studio Version 17
VisualStudioVersion = 17.6.33829.357
MinimumVisualStudioVersion = 10.0.40219.1
Project("{FAE04EC0-301F-11D3-BF4B-00C04F79EFBC}") = "01.ListyIterator", "01.ListyIterator\01.ListyIterator.csproj", "{48B16AB6-D2CB-4BF9-8637-108715C00198}"
EndProject
Project("{FAE04EC0-301F-11D3-BF4B-00C04F79EFBC}") = "02.Collection", "02.Collection\02.Collection.csproj", "{FE1DEA23-7FF5-4C30-AEEA-86B3FD23A5A8}"
EndProject
Project("{FAE04EC0-301F-11D3-BF4B-00C04F79EFBC}") = "03.Stack", "03.Stack\03.Stack.csproj", "{2231ABDE-ECAD-40F0-9123-F238042BE809}"
EndProject
Project("{FAE04EC0-301F-11D3-BF4B-00C04F79EFBC}") = "04.Froggy", "04.Froggy\04.Froggy.csproj", "{55CF6A37-340A-4A8B-A3D8-9E473419A864}"
EndProject
Project("{FAE04EC0-301F-11D3-BF4B-00C04F79EFBC}") = "05.ComparingObjects", "05.ComparingObjects\05.ComparingObjects.csproj", "{B3544768-7E5E-460E-89A6-E21B10E20E44}"
EndProject
Project("{FAE04EC0-301F-11D3-BF4B-00C04F79EFBC}") = "06.EqualityLogic", "06.EqualityLogic\06.EqualityLogic.csproj", "{9E8AE904-C0F7-42DF-92D1-031935F34500}"
EndProject
Project("{FAE04EC0-301F-11D3-BF4B-00C04F79EFBC}") = "07.CustomComparator", "07.CustomComparator\07.CustomComparator.csproj", "{52FAE734-0F4C-4CF0-9A60-5A8A581EA211}"
EndProject
Global
	GlobalSection(SolutionConfigurationPlatforms) = preSolution
		Debug|Any CPU = Debug|Any CPU
		Release|Any CPU = Release|Any CPU
	EndGlobalSection
	GlobalSection(ProjectConfigurationPlatforms) = postSolution
		{48B16AB6-D2CB-4BF9-8637-108715C00198}.Debug|Any CPU.ActiveCfg = Debug|Any CPU
		{48B16AB6-D2CB-4BF9-8637-108715C00198}.Debug|Any CPU.Build.0 = Debug|Any CPU
		{48B16AB6-D2CB-4BF9-8637-108715C00198}.Release|Any CPU.ActiveCfg = Release|Any CPU
		{48B16AB6-D2CB-4BF9-8637-108715C00198}.Release|Any CPU.Build.0 = Release|Any CPU
		{FE1DEA23-7FF5-4C30-AEEA-86B3FD23A5A8}.Debug|Any CPU.ActiveCfg = Debug|Any CPU
		{FE1DEA23-7FF5-4C30-AEEA-86B3FD23A5A8}.Debug|Any CPU.Build.0 = Debug|Any CPU
		{FE1DEA23-7FF5-4C30-AEEA-86B3FD23A5A8}.Release|Any CPU.ActiveCfg = Release|Any CPU
		{FE1DEA23-7FF5-4C30-AEEA-86B3FD23A5A8}.Release|Any CPU.Build.0 = Release|Any CPU
		{2231ABDE-ECAD-40F0-9123-F238042BE809}.Debug|Any CPU.ActiveCfg = Debug|Any CPU
		{2231ABDE-ECAD-40F0-9123-F238042BE809}.Debug|Any CPU.Build.0 = Debug|Any CPU
		{2231ABDE-ECAD-40F0-9123-F238042BE809}.Release|Any CPU.ActiveCfg = Release|Any CPU
		{2231ABDE-ECAD-40F0-9123-F238042BE809}.Release|Any CPU.Build.0 = Release|Any CPU
		{55CF6A37-340A-4A8B-A3D8-9E473419A864}.Debug|Any CPU.ActiveCfg = Debug|Any CPU
		{55CF6A37-340A-4A8B-A3D8-9E473419A864}.Debug|Any CPU.Build.0 = Debug|Any CPU
		{55CF6A37-340A-4A8B-A3D8-9E473419A864}.Release|Any CPU.ActiveCfg = Release|Any CPU
		{55CF6A37-340A-4A8B-A3D8-9E473419A864}.Release|Any CPU.Build.0 = Release|Any CPU
		{B3544768-7E5E-460E-89A6-E21B10E20E44}.Debug|Any CPU.ActiveCfg = Debug|Any CPU
		{B3544768-7E5E-460E-89A6-E21B10E20E44}.Debug|Any CPU.Build.0 = Debug|Any CPU
		{B3544768-7E5E-460E-89A6-E21B10E20E44}.Release|Any CPU.ActiveCfg = Release|Any CPU
		{B3544768-7E5E-460E-89A6-E21B10E20E44}.Release|Any CPU.Build.0 = Release|Any CPU
		{9E8AE904-C0F7-42DF-92D1-031935F34500}.Debug|Any CPU.ActiveCfg = Debug|Any CPU
		{9E8AE904-C0F7-42DF-92D1-031935F34500}.Debug|Any CPU.Build.0 = Debug|Any CPU
		{9E8AE904-C0F7-42DF-92D1-031935F34500}.Release|Any CPU.ActiveCfg = Release|Any CPU
		{9E8AE904-C0F7-42DF-92D1-031935F34500}.Release|Any CPU.Build.0 = Release|Any CPU
		{52FAE734-0F4C-4CF0-9A60-5A8A581EA211}.Debug|Any CPU.ActiveCfg = Debug|Any CPU
		{52FAE734-0F4C-4CF0-9A60-5A8A581EA211}.Debug|Any CPU.Build.0 = Debug|Any CPU
		{52FAE734-0F4C-4CF0-9A60-5A8A581EA211}.Release|Any CPU.ActiveCfg = Release|Any CPU
		{52FAE734-0F4C-4CF0-9A60-5A8A581EA211}.Release|Any CPU.Build.0 = Release|Any CPU
	EndGlobalSection
	GlobalSection(SolutionProperties) = preSolution
		HideSolutionNode = FALSE
	EndGlobalSection
	GlobalSection(ExtensibilityGlobals) = postSolution
		SolutionGuid = {21A81417-E605-41DF-929C-10E246BE3019}
	EndGlobalSection
EndGlobal
