
Microsoft Visual Studio Solution File, Format Version 12.00
# Visual Studio Version 17
VisualStudioVersion = 17.6.33829.357
MinimumVisualStudioVersion = 10.0.40219.1
Project("{FAE04EC0-301F-11D3-BF4B-00C04F79EFBC}") = "01.RecursiveArraySum", "01.RecursiveArraySum\01.RecursiveArraySum.csproj", "{8E726682-437C-4BFB-B5CB-AF8A48D0EB34}"
EndProject
Project("{FAE04EC0-301F-11D3-BF4B-00C04F79EFBC}") = "02.RecursiveFactorial", "02.RecursiveFactorial\02.RecursiveFactorial.csproj", "{97E63E26-342D-4228-A51B-AA1FCC693723}"
EndProject
Project("{FAE04EC0-301F-11D3-BF4B-00C04F79EFBC}") = "07.BinarySearch", "07.BinarySearch\07.BinarySearch.csproj", "{C3A71982-BF11-466E-A8BD-4826C8517E99}"
EndProject
Global
	GlobalSection(SolutionConfigurationPlatforms) = preSolution
		Debug|Any CPU = Debug|Any CPU
		Release|Any CPU = Release|Any CPU
	EndGlobalSection
	GlobalSection(ProjectConfigurationPlatforms) = postSolution
		{8E726682-437C-4BFB-B5CB-AF8A48D0EB34}.Debug|Any CPU.ActiveCfg = Debug|Any CPU
		{8E726682-437C-4BFB-B5CB-AF8A48D0EB34}.Debug|Any CPU.Build.0 = Debug|Any CPU
		{8E726682-437C-4BFB-B5CB-AF8A48D0EB34}.Release|Any CPU.ActiveCfg = Release|Any CPU
		{8E726682-437C-4BFB-B5CB-AF8A48D0EB34}.Release|Any CPU.Build.0 = Release|Any CPU
		{97E63E26-342D-4228-A51B-AA1FCC693723}.Debug|Any CPU.ActiveCfg = Debug|Any CPU
		{97E63E26-342D-4228-A51B-AA1FCC693723}.Debug|Any CPU.Build.0 = Debug|Any CPU
		{97E63E26-342D-4228-A51B-AA1FCC693723}.Release|Any CPU.ActiveCfg = Release|Any CPU
		{97E63E26-342D-4228-A51B-AA1FCC693723}.Release|Any CPU.Build.0 = Release|Any CPU
		{C3A71982-BF11-466E-A8BD-4826C8517E99}.Debug|Any CPU.ActiveCfg = Debug|Any CPU
		{C3A71982-BF11-466E-A8BD-4826C8517E99}.Debug|Any CPU.Build.0 = Debug|Any CPU
		{C3A71982-BF11-466E-A8BD-4826C8517E99}.Release|Any CPU.ActiveCfg = Release|Any CPU
		{C3A71982-BF11-466E-A8BD-4826C8517E99}.Release|Any CPU.Build.0 = Release|Any CPU
	EndGlobalSection
	GlobalSection(SolutionProperties) = preSolution
		HideSolutionNode = FALSE
	EndGlobalSection
	GlobalSection(ExtensibilityGlobals) = postSolution
		SolutionGuid = {558C0777-16E7-4C08-8022-659E5ECC55B9}
	EndGlobalSection
EndGlobal
