
Microsoft Visual Studio Solution File, Format Version 12.00
# Visual Studio Version 17
VisualStudioVersion = 17.8.34525.116
MinimumVisualStudioVersion = 10.0.40219.1
Project("{9A19103F-16F7-4668-BE54-9A1E7A4F7556}") = "01.TempleOfDoom", "01.TempleOfDoom\01.TempleOfDoom.csproj", "{F50B7D88-6969-4F21-BEFB-94221BB1E334}"
EndProject
Project("{9A19103F-16F7-4668-BE54-9A1E7A4F7556}") = "02.MouseInTheKitchen", "02.MouseInTheKitchen\02.MouseInTheKitchen.csproj", "{20C97015-4061-443B-8B26-90D83226EF19}"
EndProject
Project("{FAE04EC0-301F-11D3-BF4B-00C04F79EFBC}") = "01.OffroadChallenge", "01.OffroadChallenge\01.OffroadChallenge.csproj", "{D4AA6722-A334-4524-9E6C-2AA2D28621C5}"
EndProject
Project("{FAE04EC0-301F-11D3-BF4B-00C04F79EFBC}") = "02.FishingCompetition", "02.FishingCompetition\02.FishingCompetition.csproj", "{36E05BFD-EFBE-4484-983E-553DCF1DCDEE}"
EndProject
Global
	GlobalSection(SolutionConfigurationPlatforms) = preSolution
		Debug|Any CPU = Debug|Any CPU
		Release|Any CPU = Release|Any CPU
	EndGlobalSection
	GlobalSection(ProjectConfigurationPlatforms) = postSolution
		{F50B7D88-6969-4F21-BEFB-94221BB1E334}.Debug|Any CPU.ActiveCfg = Debug|Any CPU
		{F50B7D88-6969-4F21-BEFB-94221BB1E334}.Debug|Any CPU.Build.0 = Debug|Any CPU
		{F50B7D88-6969-4F21-BEFB-94221BB1E334}.Release|Any CPU.ActiveCfg = Release|Any CPU
		{F50B7D88-6969-4F21-BEFB-94221BB1E334}.Release|Any CPU.Build.0 = Release|Any CPU
		{20C97015-4061-443B-8B26-90D83226EF19}.Debug|Any CPU.ActiveCfg = Debug|Any CPU
		{20C97015-4061-443B-8B26-90D83226EF19}.Debug|Any CPU.Build.0 = Debug|Any CPU
		{20C97015-4061-443B-8B26-90D83226EF19}.Release|Any CPU.ActiveCfg = Release|Any CPU
		{20C97015-4061-443B-8B26-90D83226EF19}.Release|Any CPU.Build.0 = Release|Any CPU
		{D4AA6722-A334-4524-9E6C-2AA2D28621C5}.Debug|Any CPU.ActiveCfg = Debug|Any CPU
		{D4AA6722-A334-4524-9E6C-2AA2D28621C5}.Debug|Any CPU.Build.0 = Debug|Any CPU
		{D4AA6722-A334-4524-9E6C-2AA2D28621C5}.Release|Any CPU.ActiveCfg = Release|Any CPU
		{D4AA6722-A334-4524-9E6C-2AA2D28621C5}.Release|Any CPU.Build.0 = Release|Any CPU
		{36E05BFD-EFBE-4484-983E-553DCF1DCDEE}.Debug|Any CPU.ActiveCfg = Debug|Any CPU
		{36E05BFD-EFBE-4484-983E-553DCF1DCDEE}.Debug|Any CPU.Build.0 = Debug|Any CPU
		{36E05BFD-EFBE-4484-983E-553DCF1DCDEE}.Release|Any CPU.ActiveCfg = Release|Any CPU
		{36E05BFD-EFBE-4484-983E-553DCF1DCDEE}.Release|Any CPU.Build.0 = Release|Any CPU
	EndGlobalSection
	GlobalSection(SolutionProperties) = preSolution
		HideSolutionNode = FALSE
	EndGlobalSection
	GlobalSection(ExtensibilityGlobals) = postSolution
		SolutionGuid = {70C28903-6648-4793-8295-6577E8849160}
	EndGlobalSection
EndGlobal
