
Microsoft Visual Studio Solution File, Format Version 12.00
# Visual Studio Version 17
VisualStudioVersion = 17.6.33829.357
MinimumVisualStudioVersion = 10.0.40219.1
Project("{FAE04EC0-301F-11D3-BF4B-00C04F79EFBC}") = "Stealer", "Stealer\Stealer.csproj", "{FE71769F-D7E0-4D89-835B-8935C282BCF9}"
EndProject
Project("{FAE04EC0-301F-11D3-BF4B-00C04F79EFBC}") = "AuthorProblem", "AuthorProblem\AuthorProblem.csproj", "{FFB5D07E-036E-457F-9EF5-BF7670197FC8}"
EndProject
Global
	GlobalSection(SolutionConfigurationPlatforms) = preSolution
		Debug|Any CPU = Debug|Any CPU
		Release|Any CPU = Release|Any CPU
	EndGlobalSection
	GlobalSection(ProjectConfigurationPlatforms) = postSolution
		{FE71769F-D7E0-4D89-835B-8935C282BCF9}.Debug|Any CPU.ActiveCfg = Debug|Any CPU
		{FE71769F-D7E0-4D89-835B-8935C282BCF9}.Debug|Any CPU.Build.0 = Debug|Any CPU
		{FE71769F-D7E0-4D89-835B-8935C282BCF9}.Release|Any CPU.ActiveCfg = Release|Any CPU
		{FE71769F-D7E0-4D89-835B-8935C282BCF9}.Release|Any CPU.Build.0 = Release|Any CPU
		{FFB5D07E-036E-457F-9EF5-BF7670197FC8}.Debug|Any CPU.ActiveCfg = Debug|Any CPU
		{FFB5D07E-036E-457F-9EF5-BF7670197FC8}.Debug|Any CPU.Build.0 = Debug|Any CPU
		{FFB5D07E-036E-457F-9EF5-BF7670197FC8}.Release|Any CPU.ActiveCfg = Release|Any CPU
		{FFB5D07E-036E-457F-9EF5-BF7670197FC8}.Release|Any CPU.Build.0 = Release|Any CPU
	EndGlobalSection
	GlobalSection(SolutionProperties) = preSolution
		HideSolutionNode = FALSE
	EndGlobalSection
	GlobalSection(ExtensibilityGlobals) = postSolution
		SolutionGuid = {551427C4-2D0F-4C30-88CA-150F5928A536}
	EndGlobalSection
EndGlobal
