
Microsoft Visual Studio Solution File, Format Version 12.00
# Visual Studio Version 17
VisualStudioVersion = 17.6.33829.357
MinimumVisualStudioVersion = 10.0.40219.1
Project("{FAE04EC0-301F-11D3-BF4B-00C04F79EFBC}") = "01. UniqueUsernames", "01. UniqueUsernames\01. UniqueUsernames.csproj", "{99EA2051-9798-4D3A-90D3-38338021051F}"
EndProject
Project("{FAE04EC0-301F-11D3-BF4B-00C04F79EFBC}") = "02. SetsOfElements", "02. SetsOfElements\02. SetsOfElements.csproj", "{4259E8CA-531C-45FD-94FE-CBE9664872CA}"
EndProject
Project("{FAE04EC0-301F-11D3-BF4B-00C04F79EFBC}") = "03. PeriodicTable", "03. PeriodicTable\03. PeriodicTable.csproj", "{0803CFF5-70F2-43D7-89BF-5ED94754F263}"
EndProject
Global
	GlobalSection(SolutionConfigurationPlatforms) = preSolution
		Debug|Any CPU = Debug|Any CPU
		Release|Any CPU = Release|Any CPU
	EndGlobalSection
	GlobalSection(ProjectConfigurationPlatforms) = postSolution
		{99EA2051-9798-4D3A-90D3-38338021051F}.Debug|Any CPU.ActiveCfg = Debug|Any CPU
		{99EA2051-9798-4D3A-90D3-38338021051F}.Debug|Any CPU.Build.0 = Debug|Any CPU
		{99EA2051-9798-4D3A-90D3-38338021051F}.Release|Any CPU.ActiveCfg = Release|Any CPU
		{99EA2051-9798-4D3A-90D3-38338021051F}.Release|Any CPU.Build.0 = Release|Any CPU
		{4259E8CA-531C-45FD-94FE-CBE9664872CA}.Debug|Any CPU.ActiveCfg = Debug|Any CPU
		{4259E8CA-531C-45FD-94FE-CBE9664872CA}.Debug|Any CPU.Build.0 = Debug|Any CPU
		{4259E8CA-531C-45FD-94FE-CBE9664872CA}.Release|Any CPU.ActiveCfg = Release|Any CPU
		{4259E8CA-531C-45FD-94FE-CBE9664872CA}.Release|Any CPU.Build.0 = Release|Any CPU
		{0803CFF5-70F2-43D7-89BF-5ED94754F263}.Debug|Any CPU.ActiveCfg = Debug|Any CPU
		{0803CFF5-70F2-43D7-89BF-5ED94754F263}.Debug|Any CPU.Build.0 = Debug|Any CPU
		{0803CFF5-70F2-43D7-89BF-5ED94754F263}.Release|Any CPU.ActiveCfg = Release|Any CPU
		{0803CFF5-70F2-43D7-89BF-5ED94754F263}.Release|Any CPU.Build.0 = Release|Any CPU
	EndGlobalSection
	GlobalSection(SolutionProperties) = preSolution
		HideSolutionNode = FALSE
	EndGlobalSection
	GlobalSection(ExtensibilityGlobals) = postSolution
		SolutionGuid = {4A977DC0-000D-4C36-9C73-046857852D5F}
	EndGlobalSection
EndGlobal
